
Microsoft Visual Studio Solution File, Format Version 12.00
# Visual Studio Version 16
VisualStudioVersion = 16.0.29613.14
MinimumVisualStudioVersion = 10.0.40219.1
Project("{FAE04EC0-301F-11D3-BF4B-00C04F79EFBC}") = "Estapar", "Estapar\Estapar.csproj", "{FBCACF4C-A4E8-4445-A886-017069430A08}"
EndProject
Global
	GlobalSection(SolutionConfigurationPlatforms) = preSolution
		Debug|Any CPU = Debug|Any CPU
		Release|Any CPU = Release|Any CPU
	EndGlobalSection
	GlobalSection(ProjectConfigurationPlatforms) = postSolution
		{FBCACF4C-A4E8-4445-A886-017069430A08}.Debug|Any CPU.ActiveCfg = Debug|Any CPU
		{FBCACF4C-A4E8-4445-A886-017069430A08}.Debug|Any CPU.Build.0 = Debug|Any CPU
		{FBCACF4C-A4E8-4445-A886-017069430A08}.Release|Any CPU.ActiveCfg = Release|Any CPU
		{FBCACF4C-A4E8-4445-A886-017069430A08}.Release|Any CPU.Build.0 = Release|Any CPU
	EndGlobalSection
	GlobalSection(SolutionProperties) = preSolution
		HideSolutionNode = FALSE
	EndGlobalSection
	GlobalSection(ExtensibilityGlobals) = postSolution
		SolutionGuid = {29E8940F-9A56-4BEF-A5FF-2150B234C81F}
	EndGlobalSection
EndGlobal
